// !$*UTF8*$!
{
	archiveVersion = 1;
	classes = {
	};
	objectVersion = 51;
	objects = {

/* Begin PBXBuildFile section */
		7F05180D99858D5744B51689 /* Pods_HomeworkRemember.framework in Frameworks */ = {isa = PBXBuildFile; fileRef = 6EE196C4FF64994AA0470F2B /* Pods_HomeworkRemember.framework */; };
		F34E80A62533E54A002BDFDB /* individualHomeworkVC.swift in Sources */ = {isa = PBXBuildFile; fileRef = F34E80A52533E54A002BDFDB /* individualHomeworkVC.swift */; };
		F36D8274253125AA00691A5F /* AppDelegate.swift in Sources */ = {isa = PBXBuildFile; fileRef = F36D8273253125AA00691A5F /* AppDelegate.swift */; };
		F36D8276253125AA00691A5F /* SceneDelegate.swift in Sources */ = {isa = PBXBuildFile; fileRef = F36D8275253125AA00691A5F /* SceneDelegate.swift */; };
		F36D8278253125AA00691A5F /* ViewController.swift in Sources */ = {isa = PBXBuildFile; fileRef = F36D8277253125AA00691A5F /* ViewController.swift */; };
		F36D827B253125AA00691A5F /* Main.storyboard in Resources */ = {isa = PBXBuildFile; fileRef = F36D8279253125AA00691A5F /* Main.storyboard */; };
		F36D827D253125AB00691A5F /* Assets.xcassets in Resources */ = {isa = PBXBuildFile; fileRef = F36D827C253125AB00691A5F /* Assets.xcassets */; };
		F36D8280253125AB00691A5F /* LaunchScreen.storyboard in Resources */ = {isa = PBXBuildFile; fileRef = F36D827E253125AB00691A5F /* LaunchScreen.storyboard */; };
		F36D828925328B6700691A5F /* WeekSelectorView.swift in Sources */ = {isa = PBXBuildFile; fileRef = F36D828825328B6700691A5F /* WeekSelectorView.swift */; };
		F3A093102533869C00A46A9E /* inputHWView.swift in Sources */ = {isa = PBXBuildFile; fileRef = F3A0930F2533869C00A46A9E /* inputHWView.swift */; };
/* End PBXBuildFile section */

/* Begin PBXFileReference section */
		43275CE4B52DCC3D0F98364B /* Pods-HomeworkRemember.debug.xcconfig */ = {isa = PBXFileReference; includeInIndex = 1; lastKnownFileType = text.xcconfig; name = "Pods-HomeworkRemember.debug.xcconfig"; path = "Target Support Files/Pods-HomeworkRemember/Pods-HomeworkRemember.debug.xcconfig"; sourceTree = "<group>"; };
		6EE196C4FF64994AA0470F2B /* Pods_HomeworkRemember.framework */ = {isa = PBXFileReference; explicitFileType = wrapper.framework; includeInIndex = 0; path = Pods_HomeworkRemember.framework; sourceTree = BUILT_PRODUCTS_DIR; };
		7BD0045476E3E43EC493B3AD /* Pods-HomeworkRemember.release.xcconfig */ = {isa = PBXFileReference; includeInIndex = 1; lastKnownFileType = text.xcconfig; name = "Pods-HomeworkRemember.release.xcconfig"; path = "Target Support Files/Pods-HomeworkRemember/Pods-HomeworkRemember.release.xcconfig"; sourceTree = "<group>"; };
		F34E80A52533E54A002BDFDB /* individualHomeworkVC.swift */ = {isa = PBXFileReference; lastKnownFileType = sourcecode.swift; path = individualHomeworkVC.swift; sourceTree = "<group>"; };
		F36D8270253125AA00691A5F /* HomeworkRemember.app */ = {isa = PBXFileReference; explicitFileType = wrapper.application; includeInIndex = 0; path = HomeworkRemember.app; sourceTree = BUILT_PRODUCTS_DIR; };
		F36D8273253125AA00691A5F /* AppDelegate.swift */ = {isa = PBXFileReference; lastKnownFileType = sourcecode.swift; path = AppDelegate.swift; sourceTree = "<group>"; };
		F36D8275253125AA00691A5F /* SceneDelegate.swift */ = {isa = PBXFileReference; lastKnownFileType = sourcecode.swift; path = SceneDelegate.swift; sourceTree = "<group>"; };
		F36D8277253125AA00691A5F /* ViewController.swift */ = {isa = PBXFileReference; lastKnownFileType = sourcecode.swift; path = ViewController.swift; sourceTree = "<group>"; };
		F36D827A253125AA00691A5F /* Base */ = {isa = PBXFileReference; lastKnownFileType = file.storyboard; name = Base; path = Base.lproj/Main.storyboard; sourceTree = "<group>"; };
		F36D827C253125AB00691A5F /* Assets.xcassets */ = {isa = PBXFileReference; lastKnownFileType = folder.assetcatalog; path = Assets.xcassets; sourceTree = "<group>"; };
		F36D827F253125AB00691A5F /* Base */ = {isa = PBXFileReference; lastKnownFileType = file.storyboard; name = Base; path = Base.lproj/LaunchScreen.storyboard; sourceTree = "<group>"; };
		F36D8281253125AB00691A5F /* Info.plist */ = {isa = PBXFileReference; lastKnownFileType = text.plist.xml; path = Info.plist; sourceTree = "<group>"; };
		F36D828825328B6700691A5F /* WeekSelectorView.swift */ = {isa = PBXFileReference; lastKnownFileType = sourcecode.swift; path = WeekSelectorView.swift; sourceTree = "<group>"; };
		F3A0930F2533869C00A46A9E /* inputHWView.swift */ = {isa = PBXFileReference; lastKnownFileType = sourcecode.swift; path = inputHWView.swift; sourceTree = "<group>"; };
/* End PBXFileReference section */

/* Begin PBXFrameworksBuildPhase section */
		F36D826D253125AA00691A5F /* Frameworks */ = {
			isa = PBXFrameworksBuildPhase;
			buildActionMask = 2147483647;
			files = (
				7F05180D99858D5744B51689 /* Pods_HomeworkRemember.framework in Frameworks */,
			);
			runOnlyForDeploymentPostprocessing = 0;
		};
/* End PBXFrameworksBuildPhase section */

/* Begin PBXGroup section */
		3D9A7EEC15C0F8BBBDD29235 /* Pods */ = {
			isa = PBXGroup;
			children = (
				43275CE4B52DCC3D0F98364B /* Pods-HomeworkRemember.debug.xcconfig */,
				7BD0045476E3E43EC493B3AD /* Pods-HomeworkRemember.release.xcconfig */,
			);
			path = Pods;
			sourceTree = "<group>";
		};
		DAB41424C33A6AA0733AA223 /* Frameworks */ = {
			isa = PBXGroup;
			children = (
				6EE196C4FF64994AA0470F2B /* Pods_HomeworkRemember.framework */,
			);
			name = Frameworks;
			sourceTree = "<group>";
		};
		F36D8267253125AA00691A5F = {
			isa = PBXGroup;
			children = (
				F36D8272253125AA00691A5F /* HomeworkRemember */,
				F36D8271253125AA00691A5F /* Products */,
				3D9A7EEC15C0F8BBBDD29235 /* Pods */,
				DAB41424C33A6AA0733AA223 /* Frameworks */,
			);
			sourceTree = "<group>";
		};
		F36D8271253125AA00691A5F /* Products */ = {
			isa = PBXGroup;
			children = (
				F36D8270253125AA00691A5F /* HomeworkRemember.app */,
			);
			name = Products;
			sourceTree = "<group>";
		};
		F36D8272253125AA00691A5F /* HomeworkRemember */ = {
			isa = PBXGroup;
			children = (
				F36D8273253125AA00691A5F /* AppDelegate.swift */,
				F36D8275253125AA00691A5F /* SceneDelegate.swift */,
				F36D8277253125AA00691A5F /* ViewController.swift */,
				F36D828825328B6700691A5F /* WeekSelectorView.swift */,
				F3A0930F2533869C00A46A9E /* inputHWView.swift */,
				F34E80A52533E54A002BDFDB /* individualHomeworkVC.swift */,
				F36D8279253125AA00691A5F /* Main.storyboard */,
				F36D827C253125AB00691A5F /* Assets.xcassets */,
				F36D827E253125AB00691A5F /* LaunchScreen.storyboard */,
				F36D8281253125AB00691A5F /* Info.plist */,
			);
			path = HomeworkRemember;
			sourceTree = "<group>";
		};
/* End PBXGroup section */

/* Begin PBXNativeTarget section */
		F36D826F253125AA00691A5F /* HomeworkRemember */ = {
			isa = PBXNativeTarget;
			buildConfigurationList = F36D8284253125AB00691A5F /* Build configuration list for PBXNativeTarget "HomeworkRemember" */;
			buildPhases = (
				7E9D071C8A0B69F625489661 /* [CP] Check Pods Manifest.lock */,
				F36D826C253125AA00691A5F /* Sources */,
				F36D826D253125AA00691A5F /* Frameworks */,
				F36D826E253125AA00691A5F /* Resources */,
				489E69AA0DC949044CAAA24B /* [CP] Embed Pods Frameworks */,
			);
			buildRules = (
			);
			dependencies = (
			);
			name = HomeworkRemember;
			productName = HomeworkRemember;
			productReference = F36D8270253125AA00691A5F /* HomeworkRemember.app */;
			productType = "com.apple.product-type.application";
		};
/* End PBXNativeTarget section */

/* Begin PBXProject section */
		F36D8268253125AA00691A5F /* Project object */ = {
			isa = PBXProject;
			attributes = {
				LastSwiftUpdateCheck = 1200;
				LastUpgradeCheck = 1200;
				TargetAttributes = {
					F36D826F253125AA00691A5F = {
						CreatedOnToolsVersion = 12.0.1;
					};
				};
			};
			buildConfigurationList = F36D826B253125AA00691A5F /* Build configuration list for PBXProject "HomeworkRemember" */;
			compatibilityVersion = "Xcode 9.3";
			developmentRegion = en;
			hasScannedForEncodings = 0;
			knownRegions = (
				en,
				Base,
			);
			mainGroup = F36D8267253125AA00691A5F;
			productRefGroup = F36D8271253125AA00691A5F /* Products */;
			projectDirPath = "";
			projectRoot = "";
			targets = (
				F36D826F253125AA00691A5F /* HomeworkRemember */,
			);
		};
/* End PBXProject section */

/* Begin PBXResourcesBuildPhase section */
		F36D826E253125AA00691A5F /* Resources */ = {
			isa = PBXResourcesBuildPhase;
			buildActionMask = 2147483647;
			files = (
				F36D8280253125AB00691A5F /* LaunchScreen.storyboard in Resources */,
				F36D827D253125AB00691A5F /* Assets.xcassets in Resources */,
				F36D827B253125AA00691A5F /* Main.storyboard in Resources */,
			);
			runOnlyForDeploymentPostprocessing = 0;
		};
/* End PBXResourcesBuildPhase section */

/* Begin PBXShellScriptBuildPhase section */
		489E69AA0DC949044CAAA24B /* [CP] Embed Pods Frameworks */ = {
			isa = PBXShellScriptBuildPhase;
			buildActionMask = 2147483647;
			files = (
			);
			inputFileListPaths = (
				"${PODS_ROOT}/Target Support Files/Pods-HomeworkRemember/Pods-HomeworkRemember-frameworks-${CONFIGURATION}-input-files.xcfilelist",
			);
			name = "[CP] Embed Pods Frameworks";
			outputFileListPaths = (
				"${PODS_ROOT}/Target Support Files/Pods-HomeworkRemember/Pods-HomeworkRemember-frameworks-${CONFIGURATION}-output-files.xcfilelist",
			);
			runOnlyForDeploymentPostprocessing = 0;
			shellPath = /bin/sh;
			shellScript = "\"${PODS_ROOT}/Target Support Files/Pods-HomeworkRemember/Pods-HomeworkRemember-frameworks.sh\"\n";
			showEnvVarsInLog = 0;
		};
		7E9D071C8A0B69F625489661 /* [CP] Check Pods Manifest.lock */ = {
			isa = PBXShellScriptBuildPhase;
			buildActionMask = 2147483647;
			files = (
			);
			inputFileListPaths = (
			);
			inputPaths = (
				"${PODS_PODFILE_DIR_PATH}/Podfile.lock",
				"${PODS_ROOT}/Manifest.lock",
			);
			name = "[CP] Check Pods Manifest.lock";
			outputFileListPaths = (
			);
			outputPaths = (
				"$(DERIVED_FILE_DIR)/Pods-HomeworkRemember-checkManifestLockResult.txt",
			);
			runOnlyForDeploymentPostprocessing = 0;
			shellPath = /bin/sh;
			shellScript = "diff \"${PODS_PODFILE_DIR_PATH}/Podfile.lock\" \"${PODS_ROOT}/Manifest.lock\" > /dev/null\nif [ $? != 0 ] ; then\n    # print error to STDERR\n    echo \"error: The sandbox is not in sync with the Podfile.lock. Run 'pod install' or update your CocoaPods installation.\" >&2\n    exit 1\nfi\n# This output is used by Xcode 'outputs' to avoid re-running this script phase.\necho \"SUCCESS\" > \"${SCRIPT_OUTPUT_FILE_0}\"\n";
			showEnvVarsInLog = 0;
		};
/* End PBXShellScriptBuildPhase section */

/* Begin PBXSourcesBuildPhase section */
		F36D826C253125AA00691A5F /* Sources */ = {
			isa = PBXSourcesBuildPhase;
			buildActionMask = 2147483647;
			files = (
				F3A093102533869C00A46A9E /* inputHWView.swift in Sources */,
				F34E80A62533E54A002BDFDB /* individualHomeworkVC.swift in Sources */,
				F36D8278253125AA00691A5F /* ViewController.swift in Sources */,
				F36D828925328B6700691A5F /* WeekSelectorView.swift in Sources */,
				F36D8274253125AA00691A5F /* AppDelegate.swift in Sources */,
				F36D8276253125AA00691A5F /* SceneDelegate.swift in Sources */,
			);
			runOnlyForDeploymentPostprocessing = 0;
		};
/* End PBXSourcesBuildPhase section */

/* Begin PBXVariantGroup section */
		F36D8279253125AA00691A5F /* Main.storyboard */ = {
			isa = PBXVariantGroup;
			children = (
				F36D827A253125AA00691A5F /* Base */,
			);
			name = Main.storyboard;
			sourceTree = "<group>";
		};
		F36D827E253125AB00691A5F /* LaunchScreen.storyboard */ = {
			isa = PBXVariantGroup;
			children = (
				F36D827F253125AB00691A5F /* Base */,
			);
			name = LaunchScreen.storyboard;
			sourceTree = "<group>";
		};
/* End PBXVariantGroup section */

/* Begin XCBuildConfiguration section */
		F36D8282253125AB00691A5F /* Debug */ = {
			isa = XCBuildConfiguration;
			buildSettings = {
				ALWAYS_SEARCH_USER_PATHS = NO;
				CLANG_ANALYZER_NONNULL = YES;
				CLANG_ANALYZER_NUMBER_OBJECT_CONVERSION = YES_AGGRESSIVE;
				CLANG_CXX_LANGUAGE_STANDARD = "gnu++14";
				CLANG_CXX_LIBRARY = "libc++";
				CLANG_ENABLE_MODULES = YES;
				CLANG_ENABLE_OBJC_ARC = YES;
				CLANG_ENABLE_OBJC_WEAK = YES;
				CLANG_WARN_BLOCK_CAPTURE_AUTORELEASING = YES;
				CLANG_WARN_BOOL_CONVERSION = YES;
				CLANG_WARN_COMMA = YES;
				CLANG_WARN_CONSTANT_CONVERSION = YES;
				CLANG_WARN_DEPRECATED_OBJC_IMPLEMENTATIONS = YES;
				CLANG_WARN_DIRECT_OBJC_ISA_USAGE = YES_ERROR;
				CLANG_WARN_DOCUMENTATION_COMMENTS = YES;
				CLANG_WARN_EMPTY_BODY = YES;
				CLANG_WARN_ENUM_CONVERSION = YES;
				CLANG_WARN_INFINITE_RECURSION = YES;
				CLANG_WARN_INT_CONVERSION = YES;
				CLANG_WARN_NON_LITERAL_NULL_CONVERSION = YES;
				CLANG_WARN_OBJC_IMPLICIT_RETAIN_SELF = YES;
				CLANG_WARN_OBJC_LITERAL_CONVERSION = YES;
				CLANG_WARN_OBJC_ROOT_CLASS = YES_ERROR;
				CLANG_WARN_QUOTED_INCLUDE_IN_FRAMEWORK_HEADER = YES;
				CLANG_WARN_RANGE_LOOP_ANALYSIS = YES;
				CLANG_WARN_STRICT_PROTOTYPES = YES;
				CLANG_WARN_SUSPICIOUS_MOVE = YES;
				CLANG_WARN_UNGUARDED_AVAILABILITY = YES_AGGRESSIVE;
				CLANG_WARN_UNREACHABLE_CODE = YES;
				CLANG_WARN__DUPLICATE_METHOD_MATCH = YES;
				COPY_PHASE_STRIP = NO;
				DEBUG_INFORMATION_FORMAT = dwarf;
				ENABLE_STRICT_OBJC_MSGSEND = YES;
				ENABLE_TESTABILITY = YES;
				GCC_C_LANGUAGE_STANDARD = gnu11;
				GCC_DYNAMIC_NO_PIC = NO;
				GCC_NO_COMMON_BLOCKS = YES;
				GCC_OPTIMIZATION_LEVEL = 0;
				GCC_PREPROCESSOR_DEFINITIONS = (
					"DEBUG=1",
					"$(inherited)",
				);
				GCC_WARN_64_TO_32_BIT_CONVERSION = YES;
				GCC_WARN_ABOUT_RETURN_TYPE = YES_ERROR;
				GCC_WARN_UNDECLARED_SELECTOR = YES;
				GCC_WARN_UNINITIALIZED_AUTOS = YES_AGGRESSIVE;
				GCC_WARN_UNUSED_FUNCTION = YES;
				GCC_WARN_UNUSED_VARIABLE = YES;
				IPHONEOS_DEPLOYMENT_TARGET = 14.0;
				MTL_ENABLE_DEBUG_INFO = INCLUDE_SOURCE;
				MTL_FAST_MATH = YES;
				ONLY_ACTIVE_ARCH = YES;
				SDKROOT = iphoneos;
				SWIFT_ACTIVE_COMPILATION_CONDITIONS = DEBUG;
				SWIFT_OPTIMIZATION_LEVEL = "-Onone";
			};
			name = Debug;
		};
		F36D8283253125AB00691A5F /* Release */ = {
			isa = XCBuildConfiguration;
			buildSettings = {
				ALWAYS_SEARCH_USER_PATHS = NO;
				CLANG_ANALYZER_NONNULL = YES;
				CLANG_ANALYZER_NUMBER_OBJECT_CONVERSION = YES_AGGRESSIVE;
				CLANG_CXX_LANGUAGE_STANDARD = "gnu++14";
				CLANG_CXX_LIBRARY = "libc++";
				CLANG_ENABLE_MODULES = YES;
				CLANG_ENABLE_OBJC_ARC = YES;
				CLANG_ENABLE_OBJC_WEAK = YES;
				CLANG_WARN_BLOCK_CAPTURE_AUTORELEASING = YES;
				CLANG_WARN_BOOL_CONVERSION = YES;
				CLANG_WARN_COMMA = YES;
				CLANG_WARN_CONSTANT_CONVERSION = YES;
				CLANG_WARN_DEPRECATED_OBJC_IMPLEMENTATIONS = YES;
				CLANG_WARN_DIRECT_OBJC_ISA_USAGE = YES_ERROR;
				CLANG_WARN_DOCUMENTATION_COMMENTS = YES;
				CLANG_WARN_EMPTY_BODY = YES;
				CLANG_WARN_ENUM_CONVERSION = YES;
				CLANG_WARN_INFINITE_RECURSION = YES;
				CLANG_WARN_INT_CONVERSION = YES;
				CLANG_WARN_NON_LITERAL_NULL_CONVERSION = YES;
				CLANG_WARN_OBJC_IMPLICIT_RETAIN_SELF = YES;
				CLANG_WARN_OBJC_LITERAL_CONVERSION = YES;
				CLANG_WARN_OBJC_ROOT_CLASS = YES_ERROR;
				CLANG_WARN_QUOTED_INCLUDE_IN_FRAMEWORK_HEADER = YES;
				CLANG_WARN_RANGE_LOOP_ANALYSIS = YES;
				CLANG_WARN_STRICT_PROTOTYPES = YES;
				CLANG_WARN_SUSPICIOUS_MOVE = YES;
				CLANG_WARN_UNGUARDED_AVAILABILITY = YES_AGGRESSIVE;
				CLANG_WARN_UNREACHABLE_CODE = YES;
				CLANG_WARN__DUPLICATE_METHOD_MATCH = YES;
				COPY_PHASE_STRIP = NO;
				DEBUG_INFORMATION_FORMAT = "dwarf-with-dsym";
				ENABLE_NS_ASSERTIONS = NO;
				ENABLE_STRICT_OBJC_MSGSEND = YES;
				GCC_C_LANGUAGE_STANDARD = gnu11;
				GCC_NO_COMMON_BLOCKS = YES;
				GCC_WARN_64_TO_32_BIT_CONVERSION = YES;
				GCC_WARN_ABOUT_RETURN_TYPE = YES_ERROR;
				GCC_WARN_UNDECLARED_SELECTOR = YES;
				GCC_WARN_UNINITIALIZED_AUTOS = YES_AGGRESSIVE;
				GCC_WARN_UNUSED_FUNCTION = YES;
				GCC_WARN_UNUSED_VARIABLE = YES;
				IPHONEOS_DEPLOYMENT_TARGET = 14.0;
				MTL_ENABLE_DEBUG_INFO = NO;
				MTL_FAST_MATH = YES;
				SDKROOT = iphoneos;
				SWIFT_COMPILATION_MODE = wholemodule;
				SWIFT_OPTIMIZATION_LEVEL = "-O";
				VALIDATE_PRODUCT = YES;
			};
			name = Release;
		};
		F36D8285253125AB00691A5F /* Debug */ = {
			isa = XCBuildConfiguration;
			baseConfigurationReference = 43275CE4B52DCC3D0F98364B /* Pods-HomeworkRemember.debug.xcconfig */;
			buildSettings = {
				ASSETCATALOG_COMPILER_APPICON_NAME = AppIcon;
				ASSETCATALOG_COMPILER_GLOBAL_ACCENT_COLOR_NAME = AccentColor;
				CODE_SIGN_STYLE = Automatic;
				INFOPLIST_FILE = HomeworkRemember/Info.plist;
				LD_RUNPATH_SEARCH_PATHS = (
					"$(inherited)",
					"@executable_path/Frameworks",
				);
				PRODUCT_BUNDLE_IDENTIFIER = homeworkRemember.HomeworkRemember;
				PRODUCT_NAME = "$(TARGET_NAME)";
				SWIFT_VERSION = 5.0;
				TARGETED_DEVICE_FAMILY = "1,2";
			};
			name = Debug;
		};
		F36D8286253125AB00691A5F /* Release */ = {
			isa = XCBuildConfiguration;
			baseConfigurationReference = 7BD0045476E3E43EC493B3AD /* Pods-HomeworkRemember.release.xcconfig */;
			buildSettings = {
				ASSETCATALOG_COMPILER_APPICON_NAME = AppIcon;
				ASSETCATALOG_COMPILER_GLOBAL_ACCENT_COLOR_NAME = AccentColor;
				CODE_SIGN_STYLE = Automatic;
				INFOPLIST_FILE = HomeworkRemember/Info.plist;
				LD_RUNPATH_SEARCH_PATHS = (
					"$(inherited)",
					"@executable_path/Frameworks",
				);
				PRODUCT_BUNDLE_IDENTIFIER = homeworkRemember.HomeworkRemember;
				PRODUCT_NAME = "$(TARGET_NAME)";
				SWIFT_VERSION = 5.0;
				TARGETED_DEVICE_FAMILY = "1,2";
			};
			name = Release;
		};
/* End XCBuildConfiguration section */

/* Begin XCConfigurationList section */
		F36D826B253125AA00691A5F /* Build configuration list for PBXProject "HomeworkRemember" */ = {
			isa = XCConfigurationList;
			buildConfigurations = (
				F36D8282253125AB00691A5F /* Debug */,
				F36D8283253125AB00691A5F /* Release */,
			);
			defaultConfigurationIsVisible = 0;
			defaultConfigurationName = Release;
		};
		F36D8284253125AB00691A5F /* Build configuration list for PBXNativeTarget "HomeworkRemember" */ = {
			isa = XCConfigurationList;
			buildConfigurations = (
				F36D8285253125AB00691A5F /* Debug */,
				F36D8286253125AB00691A5F /* Release */,
			);
			defaultConfigurationIsVisible = 0;
			defaultConfigurationName = Release;
		};
/* End XCConfigurationList section */
	};
	rootObject = F36D8268253125AA00691A5F /* Project object */;
}
